
Microsoft Visual Studio Solution File, Format Version 12.00
# Visual Studio Version 16
VisualStudioVersion = 16.0.30907.101
MinimumVisualStudioVersion = 10.0.40219.1
Project("{8BC9CEB8-8B4A-11D0-8D11-00A0C91BC942}") = "Nvector", "Nvector\Nvector.vcxproj", "{FE7F51E5-3D32-4650-9B10-A91A36585FAC}"
EndProject
Global
	GlobalSection(SolutionConfigurationPlatforms) = preSolution
		Debug|x64 = Debug|x64
		Debug|x86 = Debug|x86
		Release|x64 = Release|x64
		Release|x86 = Release|x86
	EndGlobalSection
	GlobalSection(ProjectConfigurationPlatforms) = postSolution
		{FE7F51E5-3D32-4650-9B10-A91A36585FAC}.Debug|x64.ActiveCfg = Debug|x64
		{FE7F51E5-3D32-4650-9B10-A91A36585FAC}.Debug|x64.Build.0 = Debug|x64
		{FE7F51E5-3D32-4650-9B10-A91A36585FAC}.Debug|x86.ActiveCfg = Debug|Win32
		{FE7F51E5-3D32-4650-9B10-A91A36585FAC}.Debug|x86.Build.0 = Debug|Win32
		{FE7F51E5-3D32-4650-9B10-A91A36585FAC}.Release|x64.ActiveCfg = Release|x64
		{FE7F51E5-3D32-4650-9B10-A91A36585FAC}.Release|x64.Build.0 = Release|x64
		{FE7F51E5-3D32-4650-9B10-A91A36585FAC}.Release|x86.ActiveCfg = Release|Win32
		{FE7F51E5-3D32-4650-9B10-A91A36585FAC}.Release|x86.Build.0 = Release|Win32
	EndGlobalSection
	GlobalSection(SolutionProperties) = preSolution
		HideSolutionNode = FALSE
	EndGlobalSection
	GlobalSection(ExtensibilityGlobals) = postSolution
		SolutionGuid = {11E8894B-8DB1-4C61-913D-C544947C695B}
	EndGlobalSection
EndGlobal
